{
  "name": "reason-react-playground",
  "version": "0.0.0",
  "lockfileVersion": 1,
  "dependencies": {
    "bs-platform": {
      "version": "1.7.4",
      "resolved": "https://registry.npmjs.org/bs-platform/-/bs-platform-1.7.4.tgz",
      "integrity": "sha1-SV9Sn/UJ8B61VM1JnUAIKD5zeu0=",
      "dev": true
    }
  }
}
